github.com/theNewDynamic/gohugo-theme-ananke/v2 v2.12.1 h1:SxVd2+ADMcMiNSsCnAdBnoMMZAUfwHDCvDExZ5fRseo=
github.com/theNewDynamic/gohugo-theme-ananke/v2 v2.12.1/go.mod h1:+a6uqEsCq0+rqHWY5W5QA3P9DNnxcbyCw+CVEB+Uveg=
github.com/theNewDynamic/gohugo-theme-ananke/v2 v2.12.2-0.20260122231529-a5f3dd61ce53 h1:415zPjO2IJiZ0L+vFuDvrgFaf2OZDFaA2qfC0IzejMc=
github.com/theNewDynamic/gohugo-theme-ananke/v2 v2.12.2-0.20260122231529-a5f3dd61ce53/go.mod h1:+a6uqEsCq0+rqHWY5W5QA3P9DNnxcbyCw+CVEB+Uveg=
